
Microsoft Visual Studio Solution File, Format Version 12.00
# Visual Studio Version 17
VisualStudioVersion = 17.5.002.0
MinimumVisualStudioVersion = 10.0.40219.1
Project("{9A19103F-16F7-4668-BE54-9A1E7A4F7556}") = "17", "17.csproj", "{94009FF8-26F9-48C0-92A3-4EA7BDCA387C}"
EndProject
Global
	GlobalSection(SolutionConfigurationPlatforms) = preSolution
		Debug|Any CPU = Debug|Any CPU
		Release|Any CPU = Release|Any CPU
	EndGlobalSection
	GlobalSection(ProjectConfigurationPlatforms) = postSolution
		{94009FF8-26F9-48C0-92A3-4EA7BDCA387C}.Debug|Any CPU.ActiveCfg = Debug|Any CPU
		{94009FF8-26F9-48C0-92A3-4EA7BDCA387C}.Debug|Any CPU.Build.0 = Debug|Any CPU
		{94009FF8-26F9-48C0-92A3-4EA7BDCA387C}.Release|Any CPU.ActiveCfg = Release|Any CPU
		{94009FF8-26F9-48C0-92A3-4EA7BDCA387C}.Release|Any CPU.Build.0 = Release|Any CPU
	EndGlobalSection
	GlobalSection(SolutionProperties) = preSolution
		HideSolutionNode = FALSE
	EndGlobalSection
	GlobalSection(ExtensibilityGlobals) = postSolution
		SolutionGuid = {A795C5D4-47E5-4FAC-B05F-8C789B0EAE0C}
	EndGlobalSection
EndGlobal
