
Microsoft Visual Studio Solution File, Format Version 12.00
# Visual Studio Version 17
VisualStudioVersion = 17.5.002.0
MinimumVisualStudioVersion = 10.0.40219.1
Project("{9A19103F-16F7-4668-BE54-9A1E7A4F7556}") = "02", "02.csproj", "{D34B20CB-7680-45C4-84D5-F114325C0C17}"
EndProject
Global
	GlobalSection(SolutionConfigurationPlatforms) = preSolution
		Debug|Any CPU = Debug|Any CPU
		Release|Any CPU = Release|Any CPU
	EndGlobalSection
	GlobalSection(ProjectConfigurationPlatforms) = postSolution
		{D34B20CB-7680-45C4-84D5-F114325C0C17}.Debug|Any CPU.ActiveCfg = Debug|Any CPU
		{D34B20CB-7680-45C4-84D5-F114325C0C17}.Debug|Any CPU.Build.0 = Debug|Any CPU
		{D34B20CB-7680-45C4-84D5-F114325C0C17}.Release|Any CPU.ActiveCfg = Release|Any CPU
		{D34B20CB-7680-45C4-84D5-F114325C0C17}.Release|Any CPU.Build.0 = Release|Any CPU
	EndGlobalSection
	GlobalSection(SolutionProperties) = preSolution
		HideSolutionNode = FALSE
	EndGlobalSection
	GlobalSection(ExtensibilityGlobals) = postSolution
		SolutionGuid = {4CF2556F-EE37-49E8-94B7-5E607BEE3114}
	EndGlobalSection
EndGlobal
