
Microsoft Visual Studio Solution File, Format Version 12.00
# Visual Studio Version 17
VisualStudioVersion = 17.5.002.0
MinimumVisualStudioVersion = 10.0.40219.1
Project("{9A19103F-16F7-4668-BE54-9A1E7A4F7556}") = "14", "14.csproj", "{7953CFBB-7E60-4EF7-94E7-1BC9DD083CA9}"
EndProject
Global
	GlobalSection(SolutionConfigurationPlatforms) = preSolution
		Debug|Any CPU = Debug|Any CPU
		Release|Any CPU = Release|Any CPU
	EndGlobalSection
	GlobalSection(ProjectConfigurationPlatforms) = postSolution
		{7953CFBB-7E60-4EF7-94E7-1BC9DD083CA9}.Debug|Any CPU.ActiveCfg = Debug|Any CPU
		{7953CFBB-7E60-4EF7-94E7-1BC9DD083CA9}.Debug|Any CPU.Build.0 = Debug|Any CPU
		{7953CFBB-7E60-4EF7-94E7-1BC9DD083CA9}.Release|Any CPU.ActiveCfg = Release|Any CPU
		{7953CFBB-7E60-4EF7-94E7-1BC9DD083CA9}.Release|Any CPU.Build.0 = Release|Any CPU
	EndGlobalSection
	GlobalSection(SolutionProperties) = preSolution
		HideSolutionNode = FALSE
	EndGlobalSection
	GlobalSection(ExtensibilityGlobals) = postSolution
		SolutionGuid = {C0947A61-A434-46A0-82BE-39202E755BCE}
	EndGlobalSection
EndGlobal
