
Microsoft Visual Studio Solution File, Format Version 12.00
# Visual Studio Version 17
VisualStudioVersion = 17.5.002.0
MinimumVisualStudioVersion = 10.0.40219.1
Project("{9A19103F-16F7-4668-BE54-9A1E7A4F7556}") = "10", "10.csproj", "{DA813418-E180-431A-97ED-ACC8E7C21605}"
EndProject
Global
	GlobalSection(SolutionConfigurationPlatforms) = preSolution
		Debug|Any CPU = Debug|Any CPU
		Release|Any CPU = Release|Any CPU
	EndGlobalSection
	GlobalSection(ProjectConfigurationPlatforms) = postSolution
		{DA813418-E180-431A-97ED-ACC8E7C21605}.Debug|Any CPU.ActiveCfg = Debug|Any CPU
		{DA813418-E180-431A-97ED-ACC8E7C21605}.Debug|Any CPU.Build.0 = Debug|Any CPU
		{DA813418-E180-431A-97ED-ACC8E7C21605}.Release|Any CPU.ActiveCfg = Release|Any CPU
		{DA813418-E180-431A-97ED-ACC8E7C21605}.Release|Any CPU.Build.0 = Release|Any CPU
	EndGlobalSection
	GlobalSection(SolutionProperties) = preSolution
		HideSolutionNode = FALSE
	EndGlobalSection
	GlobalSection(ExtensibilityGlobals) = postSolution
		SolutionGuid = {20B31D39-A357-4EF3-909A-3FCBE8BE8120}
	EndGlobalSection
EndGlobal
